Microsoft Visual Studio Solution File, Format Version 12.00
# Visual Studio Version 17
VisualStudioVersion = 17.5.2.0
MinimumVisualStudioVersion = 10.0.40219.1
Project("{FAE04EC0-301F-11D3-BF4B-00C04F79EFBC}") = "LibraSphere", "LibraSphere\LibraSphere.csproj", "{59D82392-3EA0-47F3-7A9B-015814396278}"
EndProject
Global
	GlobalSection(SolutionConfigurationPlatforms) = preSolution
		Debug|Any CPU = Debug|Any CPU
		Release|Any CPU = Release|Any CPU
	EndGlobalSection
	GlobalSection(ProjectConfigurationPlatforms) = postSolution
		{59D82392-3EA0-47F3-7A9B-015814396278}.Debug|Any CPU.ActiveCfg = Debug|Any CPU
		{59D82392-3EA0-47F3-7A9B-015814396278}.Debug|Any CPU.Build.0 = Debug|Any CPU
		{59D82392-3EA0-47F3-7A9B-015814396278}.Release|Any CPU.ActiveCfg = Release|Any CPU
		{59D82392-3EA0-47F3-7A9B-015814396278}.Release|Any CPU.Build.0 = Release|Any CPU
	EndGlobalSection
	GlobalSection(SolutionProperties) = preSolution
		HideSolutionNode = FALSE
	EndGlobalSection
	GlobalSection(ExtensibilityGlobals) = postSolution
		SolutionGuid = {4B142AB9-14E4-4780-8344-A88C66C87621}
	EndGlobalSection
EndGlobal
